
Microsoft Visual Studio Solution File, Format Version 12.00
Project("{FAE04EC0-301F-11D3-BF4B-00C04F79EFBC}") = "Visual-Capture.DAL", "Visual-Capture.DAL\Visual-Capture.DAL.csproj", "{8E6179A8-7B52-4419-8BBA-0642B9D1DC4D}"
EndProject
Project("{FAE04EC0-301F-11D3-BF4B-00C04F79EFBC}") = "Visual-Capture.BLL", "Visual-Capture.BLL\Visual-Capture.BLL.csproj", "{0CFF2985-E2BB-4491-9864-035A34A5C1A5}"
EndProject
Project("{FAE04EC0-301F-11D3-BF4B-00C04F79EFBC}") = "Visual-Capture.UI", "Visual-Capture.UI\Visual-Capture.UI.csproj", "{8EC5E415-ADB7-43EF-8095-30502E23B6DB}"
EndProject
Global
	GlobalSection(SolutionConfigurationPlatforms) = preSolution
		Debug|Any CPU = Debug|Any CPU
		Release|Any CPU = Release|Any CPU
	EndGlobalSection
	GlobalSection(ProjectConfigurationPlatforms) = postSolution
		{8E6179A8-7B52-4419-8BBA-0642B9D1DC4D}.Debug|Any CPU.ActiveCfg = Debug|Any CPU
		{8E6179A8-7B52-4419-8BBA-0642B9D1DC4D}.Debug|Any CPU.Build.0 = Debug|Any CPU
		{8E6179A8-7B52-4419-8BBA-0642B9D1DC4D}.Release|Any CPU.ActiveCfg = Release|Any CPU
		{8E6179A8-7B52-4419-8BBA-0642B9D1DC4D}.Release|Any CPU.Build.0 = Release|Any CPU
		{0CFF2985-E2BB-4491-9864-035A34A5C1A5}.Debug|Any CPU.ActiveCfg = Debug|Any CPU
		{0CFF2985-E2BB-4491-9864-035A34A5C1A5}.Debug|Any CPU.Build.0 = Debug|Any CPU
		{0CFF2985-E2BB-4491-9864-035A34A5C1A5}.Release|Any CPU.ActiveCfg = Release|Any CPU
		{0CFF2985-E2BB-4491-9864-035A34A5C1A5}.Release|Any CPU.Build.0 = Release|Any CPU
		{8EC5E415-ADB7-43EF-8095-30502E23B6DB}.Debug|Any CPU.ActiveCfg = Debug|Any CPU
		{8EC5E415-ADB7-43EF-8095-30502E23B6DB}.Debug|Any CPU.Build.0 = Debug|Any CPU
		{8EC5E415-ADB7-43EF-8095-30502E23B6DB}.Release|Any CPU.ActiveCfg = Release|Any CPU
		{8EC5E415-ADB7-43EF-8095-30502E23B6DB}.Release|Any CPU.Build.0 = Release|Any CPU
	EndGlobalSection
EndGlobal
